<?xml version="1.0" encoding="utf-8"?>
<Project ToolsVersion="4.0" xmlns="http://schemas.microsoft.com/developer/msbuild/2003">
  <ItemGroup>
    <Filter Include="Source Files">
      <UniqueIdentifier>{4FC737F1-C7A5-4376-A066-2A32D752A2FF}</UniqueIdentifier>
      <Extensions>cpp;c;cc;cxx;def;odl;idl;hpj;bat;asm;asmx</Extensions>
    </Filter>
    <Filter Include="Header Files">
      <UniqueIdentifier>{93995380-89BD-4b04-88EB-625FBE52EBFB}</UniqueIdentifier>
      <Extensions>h;hh;hpp;hxx;hm;inl;inc;xsd</Extensions>
    </Filter>
    <Filter Include="Resource Files">
      <UniqueIdentifier>{67DA6AB6-F800-4c08-8B7A-83BB121AAD01}</UniqueIdentifier>
      <Extensions>rc;ico;cur;bmp;dlg;rc2;rct;bin;rgs;gif;jpg;jpeg;jpe;resx;tiff;tif;png;wav;mfcribbon-ms</Extensions>
    </Filter>
    <Filter Include="Header Files\Original">
      <UniqueIdentifier>{8769380d-c587-4d1f-9005-7ce76d52ab8a}</UniqueIdentifier>
    </Filter>
    <Filter Include="Source Files\Original">
      <UniqueIdentifier>{56bf873f-0353-4a7d-9312-b1e671e4f0ef}</UniqueIdentifier>
    </Filter>
    <Filter Include="Source Files\Threads">
      <UniqueIdentifier>{c1a95221-c506-4c83-89f5-3c4549e5bf81}</UniqueIdentifier>
    </Filter>
    <Filter Include="Header Files\Threads">
      <UniqueIdentifier>{79a1e77c-753a-4ab9-ba6b-b951ffcc9ca8}</UniqueIdentifier>
    </Filter>
    <Filter Include="Header Files\OpenMP">
      <UniqueIdentifier>{b4b32a58-4ddf-4b74-aedc-32395466256a}</UniqueIdentifier>
    </Filter>
    <Filter Include="Source Files\OpenMP">
      <UniqueIdentifier>{16819a34-298a-46c8-bc35-12bdee2834e8}</UniqueIdentifier>
    </Filter>
  </ItemGroup>
  <ItemGroup>
    <Text Include="ReadMe.txt" />
  </ItemGroup>
  <ItemGroup>
    <ClInclude Include="stdafx.h">
      <Filter>Header Files</Filter>
    </ClInclude>
    <ClInclude Include="targetver.h">
      <Filter>Header Files</Filter>
    </ClInclude>
    <ClInclude Include="Atkin.h">
      <Filter>Header Files\Original</Filter>
    </ClInclude>
    <ClInclude Include="Eratosthenes.h">
      <Filter>Header Files\Original</Filter>
    </ClInclude>
    <ClInclude Include="Sundaram.h">
      <Filter>Header Files\Original</Filter>
    </ClInclude>
    <ClInclude Include="EratosthenesThreads.h">
      <Filter>Header Files\Threads</Filter>
    </ClInclude>
    <ClInclude Include="EratosthenesOpenMP.h">
      <Filter>Header Files\OpenMP</Filter>
    </ClInclude>
    <ClInclude Include="SundaramOpenMP.h">
      <Filter>Header Files\OpenMP</Filter>
    </ClInclude>
    <ClInclude Include="AtkinOpenMP.h">
      <Filter>Header Files\OpenMP</Filter>
    </ClInclude>
    <ClInclude Include="SundaramThreads.h">
      <Filter>Header Files\Threads</Filter>
    </ClInclude>
    <ClInclude Include="AtkinThreads.h">
      <Filter>Header Files\Threads</Filter>
    </ClInclude>
  </ItemGroup>
  <ItemGroup>
    <ClCompile Include="stdafx.cpp">
      <Filter>Source Files</Filter>
    </ClCompile>
    <ClCompile Include="main.cpp">
      <Filter>Source Files</Filter>
    </ClCompile>
    <ClCompile Include="Atkin.cpp">
      <Filter>Source Files\Original</Filter>
    </ClCompile>
    <ClCompile Include="Eratosthenes.cpp">
      <Filter>Source Files\Original</Filter>
    </ClCompile>
    <ClCompile Include="Sundaram.cpp">
      <Filter>Source Files\Original</Filter>
    </ClCompile>
    <ClCompile Include="EratosthenesThreads.cpp">
      <Filter>Source Files\Threads</Filter>
    </ClCompile>
    <ClCompile Include="EratosthenesOpenMP.cpp">
      <Filter>Source Files\OpenMP</Filter>
    </ClCompile>
    <ClCompile Include="SundaramOpenMP.cpp">
      <Filter>Source Files\OpenMP</Filter>
    </ClCompile>
    <ClCompile Include="AtkinOpenMP.cpp">
      <Filter>Source Files\OpenMP</Filter>
    </ClCompile>
    <ClCompile Include="SundaramThreads.cpp">
      <Filter>Source Files\Threads</Filter>
    </ClCompile>
    <ClCompile Include="AtkinThreads.cpp">
      <Filter>Source Files\Threads</Filter>
    </ClCompile>
  </ItemGroup>
</Project>